// !$*UTF8*$!
{
	archiveVersion = 1;
	classes = {
	};
	objectVersion = 50;
	objects = {

/* Begin PBXBuildFile section */
		A006DEDA25713ED600213D3D /* AppDelegate.swift in Sources */ = {isa = PBXBuildFile; fileRef = A006DED925713ED600213D3D /* AppDelegate.swift */; };
		A006DEDE25713ED600213D3D /* ViewController.swift in Sources */ = {isa = PBXBuildFile; fileRef = A006DEDD25713ED600213D3D /* ViewController.swift */; };
		A006DEE125713ED600213D3D /* Main.storyboard in Resources */ = {isa = PBXBuildFile; fileRef = A006DEDF25713ED600213D3D /* Main.storyboard */; };
		A006DEE325713ED600213D3D /* Assets.xcassets in Resources */ = {isa = PBXBuildFile; fileRef = A006DEE225713ED600213D3D /* Assets.xcassets */; };
		A006DEE625713ED600213D3D /* LaunchScreen.storyboard in Resources */ = {isa = PBXBuildFile; fileRef = A006DEE425713ED600213D3D /* LaunchScreen.storyboard */; };
		A01E8C6D25714BFC00D5E657 /* NetworkExtension.framework in Frameworks */ = {isa = PBXBuildFile; fileRef = A0476CDC257142CD005649F3 /* NetworkExtension.framework */; };
		A0476CDD257142CD005649F3 /* NetworkExtension.framework in Frameworks */ = {isa = PBXBuildFile; fileRef = A0476CDC257142CD005649F3 /* NetworkExtension.framework */; };
		A0476CE0257142CD005649F3 /* PacketTunnelProvider.swift in Sources */ = {isa = PBXBuildFile; fileRef = A0476CDF257142CD005649F3 /* PacketTunnelProvider.swift */; };
		A0476CE5257142CD005649F3 /* VPN.appex in Embed App Extensions */ = {isa = PBXBuildFile; fileRef = A0476CDA257142CD005649F3 /* VPN.appex */; settings = {ATTRIBUTES = (RemoveHeadersOnCopy, ); }; };
		A0476CF225714722005649F3 /* VpnManager.swift in Sources */ = {isa = PBXBuildFile; fileRef = A0476CF125714722005649F3 /* VpnManager.swift */; };
		A0476D05257147CB005649F3 /* Config.swift in Sources */ = {isa = PBXBuildFile; fileRef = A0476CF6257147CB005649F3 /* Config.swift */; };
		A0476D06257147CB005649F3 /* Config.swift in Sources */ = {isa = PBXBuildFile; fileRef = A0476CF6257147CB005649F3 /* Config.swift */; };
		A0476D0B257147CB005649F3 /* ProgressMessage.swift in Sources */ = {isa = PBXBuildFile; fileRef = A0476CFB257147CB005649F3 /* ProgressMessage.swift */; };
		A0476D0C257147CB005649F3 /* ProgressMessage.swift in Sources */ = {isa = PBXBuildFile; fileRef = A0476CFB257147CB005649F3 /* ProgressMessage.swift */; };
		A0476D0D257147CB005649F3 /* Message.swift in Sources */ = {isa = PBXBuildFile; fileRef = A0476CFC257147CB005649F3 /* Message.swift */; };
		A0476D0E257147CB005649F3 /* Message.swift in Sources */ = {isa = PBXBuildFile; fileRef = A0476CFC257147CB005649F3 /* Message.swift */; };
		A0476D0F257147CB005649F3 /* Config.xcconfig in Resources */ = {isa = PBXBuildFile; fileRef = A0476CFD257147CB005649F3 /* Config.xcconfig */; };
		A0476D10257147CB005649F3 /* Config.xcconfig in Resources */ = {isa = PBXBuildFile; fileRef = A0476CFD257147CB005649F3 /* Config.xcconfig */; };
		A0476D11257147CB005649F3 /* Config.m in Sources */ = {isa = PBXBuildFile; fileRef = A0476CFE257147CB005649F3 /* Config.m */; };
		A0476D12257147CB005649F3 /* Config.m in Sources */ = {isa = PBXBuildFile; fileRef = A0476CFE257147CB005649F3 /* Config.m */; };
		A0476D13257147CB005649F3 /* Bundle+Helpers.swift in Sources */ = {isa = PBXBuildFile; fileRef = A0476D00257147CB005649F3 /* Bundle+Helpers.swift */; };
		A0476D14257147CB005649F3 /* Bundle+Helpers.swift in Sources */ = {isa = PBXBuildFile; fileRef = A0476D00257147CB005649F3 /* Bundle+Helpers.swift */; };
		A0476D15257147CB005649F3 /* UITextView+Helpers.swift in Sources */ = {isa = PBXBuildFile; fileRef = A0476D01257147CB005649F3 /* UITextView+Helpers.swift */; };
		A0476D16257147CB005649F3 /* UITextView+Helpers.swift in Sources */ = {isa = PBXBuildFile; fileRef = A0476D01257147CB005649F3 /* UITextView+Helpers.swift */; };
		A0476D17257147CB005649F3 /* UIButton+Helpers.swift in Sources */ = {isa = PBXBuildFile; fileRef = A0476D02257147CB005649F3 /* UIButton+Helpers.swift */; };
		A0476D18257147CB005649F3 /* UIButton+Helpers.swift in Sources */ = {isa = PBXBuildFile; fileRef = A0476D02257147CB005649F3 /* UIButton+Helpers.swift */; };
		A0476D19257147CB005649F3 /* FileManager+Helpers.swift in Sources */ = {isa = PBXBuildFile; fileRef = A0476D03257147CB005649F3 /* FileManager+Helpers.swift */; };
		A0476D1A257147CB005649F3 /* FileManager+Helpers.swift in Sources */ = {isa = PBXBuildFile; fileRef = A0476D03257147CB005649F3 /* FileManager+Helpers.swift */; };
		A0476D1B257147CB005649F3 /* NEProviderStopReason+Helpers.swift in Sources */ = {isa = PBXBuildFile; fileRef = A0476D04257147CB005649F3 /* NEProviderStopReason+Helpers.swift */; };
		A0476D1C257147CB005649F3 /* NEProviderStopReason+Helpers.swift in Sources */ = {isa = PBXBuildFile; fileRef = A0476D04257147CB005649F3 /* NEProviderStopReason+Helpers.swift */; };
/* End PBXBuildFile section */

/* Begin PBXContainerItemProxy section */
		A0476CE3257142CD005649F3 /* PBXContainerItemProxy */ = {
			isa = PBXContainerItemProxy;
			containerPortal = A006DECE25713ED600213D3D /* Project object */;
			proxyType = 1;
			remoteGlobalIDString = A0476CD9257142CD005649F3;
			remoteInfo = VPN;
		};
/* End PBXContainerItemProxy section */

/* Begin PBXCopyFilesBuildPhase section */
		A0476CE9257142CD005649F3 /* Embed App Extensions */ = {
			isa = PBXCopyFilesBuildPhase;
			buildActionMask = 2147483647;
			dstPath = "";
			dstSubfolderSpec = 13;
			files = (
				A0476CE5257142CD005649F3 /* VPN.appex in Embed App Extensions */,
			);
			name = "Embed App Extensions";
			runOnlyForDeploymentPostprocessing = 0;
		};
/* End PBXCopyFilesBuildPhase section */

/* Begin PBXFileReference section */
		A006DED625713ED600213D3D /* Obfs4 VPN.app */ = {isa = PBXFileReference; explicitFileType = wrapper.application; includeInIndex = 0; path = "Obfs4 VPN.app"; sourceTree = BUILT_PRODUCTS_DIR; };
		A006DED925713ED600213D3D /* AppDelegate.swift */ = {isa = PBXFileReference; lastKnownFileType = sourcecode.swift; path = AppDelegate.swift; sourceTree = "<group>"; };
		A006DEDD25713ED600213D3D /* ViewController.swift */ = {isa = PBXFileReference; lastKnownFileType = sourcecode.swift; path = ViewController.swift; sourceTree = "<group>"; };
		A006DEE025713ED600213D3D /* Base */ = {isa = PBXFileReference; lastKnownFileType = file.storyboard; name = Base; path = Base.lproj/Main.storyboard; sourceTree = "<group>"; };
		A006DEE225713ED600213D3D /* Assets.xcassets */ = {isa = PBXFileReference; lastKnownFileType = folder.assetcatalog; path = Assets.xcassets; sourceTree = "<group>"; };
		A006DEE525713ED600213D3D /* Base */ = {isa = PBXFileReference; lastKnownFileType = file.storyboard; name = Base; path = Base.lproj/LaunchScreen.storyboard; sourceTree = "<group>"; };
		A006DEE725713ED600213D3D /* Info.plist */ = {isa = PBXFileReference; lastKnownFileType = text.plist.xml; path = Info.plist; sourceTree = "<group>"; };
		A01E8C5E2571491E00D5E657 /* App-Bridging-Header.h */ = {isa = PBXFileReference; fileEncoding = 4; lastKnownFileType = sourcecode.c.h; path = "App-Bridging-Header.h"; sourceTree = "<group>"; };
		A01E8C5F2571494500D5E657 /* VPN-Bridging-Header.h */ = {isa = PBXFileReference; fileEncoding = 4; lastKnownFileType = sourcecode.c.h; path = "VPN-Bridging-Header.h"; sourceTree = "<group>"; };
		A01E8C6E25714C9B00D5E657 /* Obfs4 VPN.entitlements */ = {isa = PBXFileReference; lastKnownFileType = text.plist.entitlements; path = "Obfs4 VPN.entitlements"; sourceTree = "<group>"; };
		A0476CD325713FF8005649F3 /* LICENSE */ = {isa = PBXFileReference; lastKnownFileType = text; path = LICENSE; sourceTree = "<group>"; };
		A0476CD425714020005649F3 /* Podfile */ = {isa = PBXFileReference; lastKnownFileType = text; path = Podfile; sourceTree = "<group>"; xcLanguageSpecificationIdentifier = xcode.lang.ruby; };
		A0476CD525714064005649F3 /* README.md */ = {isa = PBXFileReference; lastKnownFileType = net.daringfireball.markdown; path = README.md; sourceTree = "<group>"; };
		A0476CDA257142CD005649F3 /* VPN.appex */ = {isa = PBXFileReference; explicitFileType = "wrapper.app-extension"; includeInIndex = 0; path = VPN.appex; sourceTree = BUILT_PRODUCTS_DIR; };
		A0476CDC257142CD005649F3 /* NetworkExtension.framework */ = {isa = PBXFileReference; lastKnownFileType = wrapper.framework; name = NetworkExtension.framework; path = System/Library/Frameworks/NetworkExtension.framework; sourceTree = SDKROOT; };
		A0476CDF257142CD005649F3 /* PacketTunnelProvider.swift */ = {isa = PBXFileReference; lastKnownFileType = sourcecode.swift; path = PacketTunnelProvider.swift; sourceTree = "<group>"; };
		A0476CE1257142CD005649F3 /* Info.plist */ = {isa = PBXFileReference; lastKnownFileType = text.plist.xml; path = Info.plist; sourceTree = "<group>"; };
		A0476CE2257142CD005649F3 /* VPN.entitlements */ = {isa = PBXFileReference; lastKnownFileType = text.plist.entitlements; path = VPN.entitlements; sourceTree = "<group>"; };
		A0476CEE2571433F005649F3 /* .gitignore */ = {isa = PBXFileReference; lastKnownFileType = text; path = .gitignore; sourceTree = "<group>"; };
		A0476CF125714722005649F3 /* VpnManager.swift */ = {isa = PBXFileReference; fileEncoding = 4; lastKnownFileType = sourcecode.swift; path = VpnManager.swift; sourceTree = "<group>"; };
		A0476CF6257147CB005649F3 /* Config.swift */ = {isa = PBXFileReference; fileEncoding = 4; lastKnownFileType = sourcecode.swift; path = Config.swift; sourceTree = "<group>"; };
		A0476CF7257147CB005649F3 /* Config.h */ = {isa = PBXFileReference; fileEncoding = 4; lastKnownFileType = sourcecode.c.h; path = Config.h; sourceTree = "<group>"; };
		A0476CFB257147CB005649F3 /* ProgressMessage.swift */ = {isa = PBXFileReference; fileEncoding = 4; lastKnownFileType = sourcecode.swift; path = ProgressMessage.swift; sourceTree = "<group>"; };
		A0476CFC257147CB005649F3 /* Message.swift */ = {isa = PBXFileReference; fileEncoding = 4; lastKnownFileType = sourcecode.swift; path = Message.swift; sourceTree = "<group>"; };
		A0476CFD257147CB005649F3 /* Config.xcconfig */ = {isa = PBXFileReference; fileEncoding = 4; lastKnownFileType = text.xcconfig; path = Config.xcconfig; sourceTree = "<group>"; };
		A0476CFE257147CB005649F3 /* Config.m */ = {isa = PBXFileReference; fileEncoding = 4; lastKnownFileType = sourcecode.c.objc; path = Config.m; sourceTree = "<group>"; };
		A0476D00257147CB005649F3 /* Bundle+Helpers.swift */ = {isa = PBXFileReference; fileEncoding = 4; lastKnownFileType = sourcecode.swift; path = "Bundle+Helpers.swift"; sourceTree = "<group>"; };
		A0476D01257147CB005649F3 /* UITextView+Helpers.swift */ = {isa = PBXFileReference; fileEncoding = 4; lastKnownFileType = sourcecode.swift; path = "UITextView+Helpers.swift"; sourceTree = "<group>"; };
		A0476D02257147CB005649F3 /* UIButton+Helpers.swift */ = {isa = PBXFileReference; fileEncoding = 4; lastKnownFileType = sourcecode.swift; path = "UIButton+Helpers.swift"; sourceTree = "<group>"; };
		A0476D03257147CB005649F3 /* FileManager+Helpers.swift */ = {isa = PBXFileReference; fileEncoding = 4; lastKnownFileType = sourcecode.swift; path = "FileManager+Helpers.swift"; sourceTree = "<group>"; };
		A0476D04257147CB005649F3 /* NEProviderStopReason+Helpers.swift */ = {isa = PBXFileReference; fileEncoding = 4; lastKnownFileType = sourcecode.swift; path = "NEProviderStopReason+Helpers.swift"; sourceTree = "<group>"; };
/* End PBXFileReference section */

/* Begin PBXFrameworksBuildPhase section */
		A006DED325713ED600213D3D /* Frameworks */ = {
			isa = PBXFrameworksBuildPhase;
			buildActionMask = 2147483647;
			files = (
				A01E8C6D25714BFC00D5E657 /* NetworkExtension.framework in Frameworks */,
			);
			runOnlyForDeploymentPostprocessing = 0;
		};
		A0476CD7257142CD005649F3 /* Frameworks */ = {
			isa = PBXFrameworksBuildPhase;
			buildActionMask = 2147483647;
			files = (
				A0476CDD257142CD005649F3 /* NetworkExtension.framework in Frameworks */,
			);
			runOnlyForDeploymentPostprocessing = 0;
		};
/* End PBXFrameworksBuildPhase section */

/* Begin PBXGroup section */
		A006DECD25713ED600213D3D = {
			isa = PBXGroup;
			children = (
				A0476CD225713FEA005649F3 /* Build */,
				A006DED825713ED600213D3D /* App */,
				A0476CF5257147CB005649F3 /* Shared */,
				A0476CDE257142CD005649F3 /* VPN */,
				A0476CDB257142CD005649F3 /* Frameworks */,
				A006DED725713ED600213D3D /* Products */,
			);
			sourceTree = "<group>";
		};
		A006DED725713ED600213D3D /* Products */ = {
			isa = PBXGroup;
			children = (
				A006DED625713ED600213D3D /* Obfs4 VPN.app */,
				A0476CDA257142CD005649F3 /* VPN.appex */,
			);
			name = Products;
			sourceTree = "<group>";
		};
		A006DED825713ED600213D3D /* App */ = {
			isa = PBXGroup;
			children = (
				A006DED925713ED600213D3D /* AppDelegate.swift */,
				A006DEDD25713ED600213D3D /* ViewController.swift */,
				A0476CF125714722005649F3 /* VpnManager.swift */,
				A006DEDF25713ED600213D3D /* Main.storyboard */,
				A006DEE225713ED600213D3D /* Assets.xcassets */,
				A006DEE425713ED600213D3D /* LaunchScreen.storyboard */,
				A01E8C5E2571491E00D5E657 /* App-Bridging-Header.h */,
				A006DEE725713ED600213D3D /* Info.plist */,
				A01E8C6E25714C9B00D5E657 /* Obfs4 VPN.entitlements */,
			);
			path = App;
			sourceTree = "<group>";
		};
		A0476CD225713FEA005649F3 /* Build */ = {
			isa = PBXGroup;
			children = (
				A0476CEE2571433F005649F3 /* .gitignore */,
				A0476CD425714020005649F3 /* Podfile */,
				A0476CD525714064005649F3 /* README.md */,
				A0476CD325713FF8005649F3 /* LICENSE */,
			);
			name = Build;
			sourceTree = "<group>";
		};
		A0476CDB257142CD005649F3 /* Frameworks */ = {
			isa = PBXGroup;
			children = (
				A0476CDC257142CD005649F3 /* NetworkExtension.framework */,
			);
			name = Frameworks;
			sourceTree = "<group>";
		};
		A0476CDE257142CD005649F3 /* VPN */ = {
			isa = PBXGroup;
			children = (
				A0476CDF257142CD005649F3 /* PacketTunnelProvider.swift */,
				A01E8C5F2571494500D5E657 /* VPN-Bridging-Header.h */,
				A0476CE1257142CD005649F3 /* Info.plist */,
				A0476CE2257142CD005649F3 /* VPN.entitlements */,
			);
			path = VPN;
			sourceTree = "<group>";
		};
		A0476CF5257147CB005649F3 /* Shared */ = {
			isa = PBXGroup;
			children = (
				A0476CF8257147CB005649F3 /* Messages */,
				A0476CFF257147CB005649F3 /* Helpers */,
				A0476CF6257147CB005649F3 /* Config.swift */,
				A0476CF7257147CB005649F3 /* Config.h */,
				A0476CFE257147CB005649F3 /* Config.m */,
				A0476CFD257147CB005649F3 /* Config.xcconfig */,
			);
			path = Shared;
			sourceTree = "<group>";
		};
		A0476CF8257147CB005649F3 /* Messages */ = {
			isa = PBXGroup;
			children = (
				A0476CFB257147CB005649F3 /* ProgressMessage.swift */,
				A0476CFC257147CB005649F3 /* Message.swift */,
			);
			path = Messages;
			sourceTree = "<group>";
		};
		A0476CFF257147CB005649F3 /* Helpers */ = {
			isa = PBXGroup;
			children = (
				A0476D00257147CB005649F3 /* Bundle+Helpers.swift */,
				A0476D01257147CB005649F3 /* UITextView+Helpers.swift */,
				A0476D02257147CB005649F3 /* UIButton+Helpers.swift */,
				A0476D03257147CB005649F3 /* FileManager+Helpers.swift */,
				A0476D04257147CB005649F3 /* NEProviderStopReason+Helpers.swift */,
			);
			path = Helpers;
			sourceTree = "<group>";
		};
/* End PBXGroup section */

/* Begin PBXNativeTarget section */
		A006DED525713ED600213D3D /* Obfs4 VPN */ = {
			isa = PBXNativeTarget;
			buildConfigurationList = A006DEEA25713ED600213D3D /* Build configuration list for PBXNativeTarget "Obfs4 VPN" */;
			buildPhases = (
				A006DED225713ED600213D3D /* Sources */,
				A006DED325713ED600213D3D /* Frameworks */,
				A006DED425713ED600213D3D /* Resources */,
				A0476CE9257142CD005649F3 /* Embed App Extensions */,
			);
			buildRules = (
			);
			dependencies = (
				A0476CE4257142CD005649F3 /* PBXTargetDependency */,
			);
			name = "Obfs4 VPN";
			productName = "Obfs4 VPN";
			productReference = A006DED625713ED600213D3D /* Obfs4 VPN.app */;
			productType = "com.apple.product-type.application";
		};
		A0476CD9257142CD005649F3 /* VPN */ = {
			isa = PBXNativeTarget;
			buildConfigurationList = A0476CE6257142CD005649F3 /* Build configuration list for PBXNativeTarget "VPN" */;
			buildPhases = (
				A0476CD6257142CD005649F3 /* Sources */,
				A0476CD7257142CD005649F3 /* Frameworks */,
				A0476CD8257142CD005649F3 /* Resources */,
			);
			buildRules = (
			);
			dependencies = (
			);
			name = VPN;
			productName = VPN;
			productReference = A0476CDA257142CD005649F3 /* VPN.appex */;
			productType = "com.apple.product-type.app-extension";
		};
/* End PBXNativeTarget section */

/* Begin PBXProject section */
		A006DECE25713ED600213D3D /* Project object */ = {
			isa = PBXProject;
			attributes = {
				LastSwiftUpdateCheck = 1220;
				LastUpgradeCheck = 1220;
				ORGANIZATIONNAME = "Guardian Project";
				TargetAttributes = {
					A006DED525713ED600213D3D = {
						CreatedOnToolsVersion = 12.2;
					};
					A0476CD9257142CD005649F3 = {
						CreatedOnToolsVersion = 12.2;
					};
				};
			};
			buildConfigurationList = A006DED125713ED600213D3D /* Build configuration list for PBXProject "Obfs4 VPN" */;
			compatibilityVersion = "Xcode 9.3";
			developmentRegion = en;
			hasScannedForEncodings = 0;
			knownRegions = (
				en,
				Base,
			);
			mainGroup = A006DECD25713ED600213D3D;
			productRefGroup = A006DED725713ED600213D3D /* Products */;
			projectDirPath = "";
			projectRoot = "";
			targets = (
				A006DED525713ED600213D3D /* Obfs4 VPN */,
				A0476CD9257142CD005649F3 /* VPN */,
			);
		};
/* End PBXProject section */

/* Begin PBXResourcesBuildPhase section */
		A006DED425713ED600213D3D /* Resources */ = {
			isa = PBXResourcesBuildPhase;
			buildActionMask = 2147483647;
			files = (
				A0476D0F257147CB005649F3 /* Config.xcconfig in Resources */,
				A006DEE625713ED600213D3D /* LaunchScreen.storyboard in Resources */,
				A006DEE325713ED600213D3D /* Assets.xcassets in Resources */,
				A006DEE125713ED600213D3D /* Main.storyboard in Resources */,
			);
			runOnlyForDeploymentPostprocessing = 0;
		};
		A0476CD8257142CD005649F3 /* Resources */ = {
			isa = PBXResourcesBuildPhase;
			buildActionMask = 2147483647;
			files = (
				A0476D10257147CB005649F3 /* Config.xcconfig in Resources */,
			);
			runOnlyForDeploymentPostprocessing = 0;
		};
/* End PBXResourcesBuildPhase section */

/* Begin PBXSourcesBuildPhase section */
		A006DED225713ED600213D3D /* Sources */ = {
			isa = PBXSourcesBuildPhase;
			buildActionMask = 2147483647;
			files = (
				A0476D17257147CB005649F3 /* UIButton+Helpers.swift in Sources */,
				A006DEDE25713ED600213D3D /* ViewController.swift in Sources */,
				A0476D15257147CB005649F3 /* UITextView+Helpers.swift in Sources */,
				A0476D05257147CB005649F3 /* Config.swift in Sources */,
				A0476D0B257147CB005649F3 /* ProgressMessage.swift in Sources */,
				A0476D0D257147CB005649F3 /* Message.swift in Sources */,
				A006DEDA25713ED600213D3D /* AppDelegate.swift in Sources */,
				A0476D13257147CB005649F3 /* Bundle+Helpers.swift in Sources */,
				A0476D19257147CB005649F3 /* FileManager+Helpers.swift in Sources */,
				A0476D11257147CB005649F3 /* Config.m in Sources */,
				A0476CF225714722005649F3 /* VpnManager.swift in Sources */,
				A0476D1B257147CB005649F3 /* NEProviderStopReason+Helpers.swift in Sources */,
			);
			runOnlyForDeploymentPostprocessing = 0;
		};
		A0476CD6257142CD005649F3 /* Sources */ = {
			isa = PBXSourcesBuildPhase;
			buildActionMask = 2147483647;
			files = (
				A0476D12257147CB005649F3 /* Config.m in Sources */,
				A0476D18257147CB005649F3 /* UIButton+Helpers.swift in Sources */,
				A0476CE0257142CD005649F3 /* PacketTunnelProvider.swift in Sources */,
				A0476D06257147CB005649F3 /* Config.swift in Sources */,
				A0476D16257147CB005649F3 /* UITextView+Helpers.swift in Sources */,
				A0476D1A257147CB005649F3 /* FileManager+Helpers.swift in Sources */,
				A0476D1C257147CB005649F3 /* NEProviderStopReason+Helpers.swift in Sources */,
				A0476D0E257147CB005649F3 /* Message.swift in Sources */,
				A0476D0C257147CB005649F3 /* ProgressMessage.swift in Sources */,
				A0476D14257147CB005649F3 /* Bundle+Helpers.swift in Sources */,
			);
			runOnlyForDeploymentPostprocessing = 0;
		};
/* End PBXSourcesBuildPhase section */

/* Begin PBXTargetDependency section */
		A0476CE4257142CD005649F3 /* PBXTargetDependency */ = {
			isa = PBXTargetDependency;
			target = A0476CD9257142CD005649F3 /* VPN */;
			targetProxy = A0476CE3257142CD005649F3 /* PBXContainerItemProxy */;
		};
/* End PBXTargetDependency section */

/* Begin PBXVariantGroup section */
		A006DEDF25713ED600213D3D /* Main.storyboard */ = {
			isa = PBXVariantGroup;
			children = (
				A006DEE025713ED600213D3D /* Base */,
			);
			name = Main.storyboard;
			sourceTree = "<group>";
		};
		A006DEE425713ED600213D3D /* LaunchScreen.storyboard */ = {
			isa = PBXVariantGroup;
			children = (
				A006DEE525713ED600213D3D /* Base */,
			);
			name = LaunchScreen.storyboard;
			sourceTree = "<group>";
		};
/* End PBXVariantGroup section */

/* Begin XCBuildConfiguration section */
		A006DEE825713ED600213D3D /* Debug */ = {
			isa = XCBuildConfiguration;
			baseConfigurationReference = A0476CFD257147CB005649F3 /* Config.xcconfig */;
			buildSettings = {
				ALWAYS_SEARCH_USER_PATHS = NO;
				CLANG_ANALYZER_NONNULL = YES;
				CLANG_ANALYZER_NUMBER_OBJECT_CONVERSION = YES_AGGRESSIVE;
				CLANG_CXX_LANGUAGE_STANDARD = "gnu++14";
				CLANG_CXX_LIBRARY = "libc++";
				CLANG_ENABLE_MODULES = YES;
				CLANG_ENABLE_OBJC_ARC = YES;
				CLANG_ENABLE_OBJC_WEAK = YES;
				CLANG_WARN_BLOCK_CAPTURE_AUTORELEASING = YES;
				CLANG_WARN_BOOL_CONVERSION = YES;
				CLANG_WARN_COMMA = YES;
				CLANG_WARN_CONSTANT_CONVERSION = YES;
				CLANG_WARN_DEPRECATED_OBJC_IMPLEMENTATIONS = YES;
				CLANG_WARN_DIRECT_OBJC_ISA_USAGE = YES_ERROR;
				CLANG_WARN_DOCUMENTATION_COMMENTS = YES;
				CLANG_WARN_EMPTY_BODY = YES;
				CLANG_WARN_ENUM_CONVERSION = YES;
				CLANG_WARN_INFINITE_RECURSION = YES;
				CLANG_WARN_INT_CONVERSION = YES;
				CLANG_WARN_NON_LITERAL_NULL_CONVERSION = YES;
				CLANG_WARN_OBJC_IMPLICIT_RETAIN_SELF = YES;
				CLANG_WARN_OBJC_LITERAL_CONVERSION = YES;
				CLANG_WARN_OBJC_ROOT_CLASS = YES_ERROR;
				CLANG_WARN_QUOTED_INCLUDE_IN_FRAMEWORK_HEADER = YES;
				CLANG_WARN_RANGE_LOOP_ANALYSIS = YES;
				CLANG_WARN_STRICT_PROTOTYPES = YES;
				CLANG_WARN_SUSPICIOUS_MOVE = YES;
				CLANG_WARN_UNGUARDED_AVAILABILITY = YES_AGGRESSIVE;
				CLANG_WARN_UNREACHABLE_CODE = YES;
				CLANG_WARN__DUPLICATE_METHOD_MATCH = YES;
				COPY_PHASE_STRIP = NO;
				DEBUG_INFORMATION_FORMAT = dwarf;
				ENABLE_STRICT_OBJC_MSGSEND = YES;
				ENABLE_TESTABILITY = YES;
				GCC_C_LANGUAGE_STANDARD = gnu11;
				GCC_DYNAMIC_NO_PIC = NO;
				GCC_NO_COMMON_BLOCKS = YES;
				GCC_OPTIMIZATION_LEVEL = 0;
				GCC_PREPROCESSOR_DEFINITIONS = (
					"DEBUG=1",
					"$(inherited)",
				);
				GCC_WARN_64_TO_32_BIT_CONVERSION = YES;
				GCC_WARN_ABOUT_RETURN_TYPE = YES_ERROR;
				GCC_WARN_UNDECLARED_SELECTOR = YES;
				GCC_WARN_UNINITIALIZED_AUTOS = YES_AGGRESSIVE;
				GCC_WARN_UNUSED_FUNCTION = YES;
				GCC_WARN_UNUSED_VARIABLE = YES;
				IPHONEOS_DEPLOYMENT_TARGET = 14.2;
				MTL_ENABLE_DEBUG_INFO = INCLUDE_SOURCE;
				MTL_FAST_MATH = YES;
				ONLY_ACTIVE_ARCH = YES;
				SDKROOT = iphoneos;
				SWIFT_ACTIVE_COMPILATION_CONDITIONS = DEBUG;
				SWIFT_OPTIMIZATION_LEVEL = "-Onone";
			};
			name = Debug;
		};
		A006DEE925713ED600213D3D /* Release */ = {
			isa = XCBuildConfiguration;
			baseConfigurationReference = A0476CFD257147CB005649F3 /* Config.xcconfig */;
			buildSettings = {
				ALWAYS_SEARCH_USER_PATHS = NO;
				CLANG_ANALYZER_NONNULL = YES;
				CLANG_ANALYZER_NUMBER_OBJECT_CONVERSION = YES_AGGRESSIVE;
				CLANG_CXX_LANGUAGE_STANDARD = "gnu++14";
				CLANG_CXX_LIBRARY = "libc++";
				CLANG_ENABLE_MODULES = YES;
				CLANG_ENABLE_OBJC_ARC = YES;
				CLANG_ENABLE_OBJC_WEAK = YES;
				CLANG_WARN_BLOCK_CAPTURE_AUTORELEASING = YES;
				CLANG_WARN_BOOL_CONVERSION = YES;
				CLANG_WARN_COMMA = YES;
				CLANG_WARN_CONSTANT_CONVERSION = YES;
				CLANG_WARN_DEPRECATED_OBJC_IMPLEMENTATIONS = YES;
				CLANG_WARN_DIRECT_OBJC_ISA_USAGE = YES_ERROR;
				CLANG_WARN_DOCUMENTATION_COMMENTS = YES;
				CLANG_WARN_EMPTY_BODY = YES;
				CLANG_WARN_ENUM_CONVERSION = YES;
				CLANG_WARN_INFINITE_RECURSION = YES;
				CLANG_WARN_INT_CONVERSION = YES;
				CLANG_WARN_NON_LITERAL_NULL_CONVERSION = YES;
				CLANG_WARN_OBJC_IMPLICIT_RETAIN_SELF = YES;
				CLANG_WARN_OBJC_LITERAL_CONVERSION = YES;
				CLANG_WARN_OBJC_ROOT_CLASS = YES_ERROR;
				CLANG_WARN_QUOTED_INCLUDE_IN_FRAMEWORK_HEADER = YES;
				CLANG_WARN_RANGE_LOOP_ANALYSIS = YES;
				CLANG_WARN_STRICT_PROTOTYPES = YES;
				CLANG_WARN_SUSPICIOUS_MOVE = YES;
				CLANG_WARN_UNGUARDED_AVAILABILITY = YES_AGGRESSIVE;
				CLANG_WARN_UNREACHABLE_CODE = YES;
				CLANG_WARN__DUPLICATE_METHOD_MATCH = YES;
				COPY_PHASE_STRIP = NO;
				DEBUG_INFORMATION_FORMAT = "dwarf-with-dsym";
				ENABLE_NS_ASSERTIONS = NO;
				ENABLE_STRICT_OBJC_MSGSEND = YES;
				GCC_C_LANGUAGE_STANDARD = gnu11;
				GCC_NO_COMMON_BLOCKS = YES;
				GCC_WARN_64_TO_32_BIT_CONVERSION = YES;
				GCC_WARN_ABOUT_RETURN_TYPE = YES_ERROR;
				GCC_WARN_UNDECLARED_SELECTOR = YES;
				GCC_WARN_UNINITIALIZED_AUTOS = YES_AGGRESSIVE;
				GCC_WARN_UNUSED_FUNCTION = YES;
				GCC_WARN_UNUSED_VARIABLE = YES;
				IPHONEOS_DEPLOYMENT_TARGET = 14.2;
				MTL_ENABLE_DEBUG_INFO = NO;
				MTL_FAST_MATH = YES;
				SDKROOT = iphoneos;
				SWIFT_COMPILATION_MODE = wholemodule;
				SWIFT_OPTIMIZATION_LEVEL = "-O";
				VALIDATE_PRODUCT = YES;
			};
			name = Release;
		};
		A006DEEB25713ED600213D3D /* Debug */ = {
			isa = XCBuildConfiguration;
			buildSettings = {
				ALWAYS_EMBED_SWIFT_STANDARD_LIBRARIES = YES;
				ASSETCATALOG_COMPILER_APPICON_NAME = AppIcon;
				ASSETCATALOG_COMPILER_GLOBAL_ACCENT_COLOR_NAME = AccentColor;
				CODE_SIGN_ENTITLEMENTS = "App/Obfs4 VPN.entitlements";
				CODE_SIGN_STYLE = Manual;
				DEVELOPMENT_TEAM = "$(DEVELOPMENT_TEAM)";
				INFOPLIST_FILE = App/Info.plist;
				LD_RUNPATH_SEARCH_PATHS = (
					"$(inherited)",
					"@executable_path/Frameworks",
				);
				PRODUCT_BUNDLE_IDENTIFIER = "$(APP_BUNDLE_ID)";
				PRODUCT_NAME = "$(TARGET_NAME)";
				PROVISIONING_PROFILE_SPECIFIER = "$(APP_PROVISIONING_PROFILE_SPECIFIER)";
				SWIFT_OBJC_BRIDGING_HEADER = "App/App-Bridging-Header.h";
				SWIFT_VERSION = 5.0;
				TARGETED_DEVICE_FAMILY = "1,2";
			};
			name = Debug;
		};
		A006DEEC25713ED600213D3D /* Release */ = {
			isa = XCBuildConfiguration;
			buildSettings = {
				ALWAYS_EMBED_SWIFT_STANDARD_LIBRARIES = YES;
				ASSETCATALOG_COMPILER_APPICON_NAME = AppIcon;
				ASSETCATALOG_COMPILER_GLOBAL_ACCENT_COLOR_NAME = AccentColor;
				CODE_SIGN_ENTITLEMENTS = "App/Obfs4 VPN.entitlements";
				CODE_SIGN_STYLE = Manual;
				DEVELOPMENT_TEAM = "$(DEVELOPMENT_TEAM)";
				INFOPLIST_FILE = App/Info.plist;
				LD_RUNPATH_SEARCH_PATHS = (
					"$(inherited)",
					"@executable_path/Frameworks",
				);
				PRODUCT_BUNDLE_IDENTIFIER = "$(APP_BUNDLE_ID)";
				PRODUCT_NAME = "$(TARGET_NAME)";
				PROVISIONING_PROFILE_SPECIFIER = "$(APP_PROVISIONING_PROFILE_SPECIFIER)";
				SWIFT_OBJC_BRIDGING_HEADER = "App/App-Bridging-Header.h";
				SWIFT_VERSION = 5.0;
				TARGETED_DEVICE_FAMILY = "1,2";
			};
			name = Release;
		};
		A0476CE7257142CD005649F3 /* Debug */ = {
			isa = XCBuildConfiguration;
			buildSettings = {
				CODE_SIGN_ENTITLEMENTS = VPN/VPN.entitlements;
				CODE_SIGN_STYLE = Manual;
				DEVELOPMENT_TEAM = "$(DEVELOPMENT_TEAM)";
				INFOPLIST_FILE = VPN/Info.plist;
				LD_RUNPATH_SEARCH_PATHS = (
					"$(inherited)",
					"@executable_path/Frameworks",
					"@executable_path/../../Frameworks",
				);
				PRODUCT_BUNDLE_IDENTIFIER = "$(EXT_BUNDLE_ID)";
				PRODUCT_NAME = "$(TARGET_NAME)";
				PROVISIONING_PROFILE_SPECIFIER = "$(EXT_PROVISIONING_PROFILE_SPECIFIER)";
				SKIP_INSTALL = YES;
				SWIFT_OBJC_BRIDGING_HEADER = "VPN/VPN-Bridging-Header.h";
				SWIFT_VERSION = 5.0;
				TARGETED_DEVICE_FAMILY = "1,2";
			};
			name = Debug;
		};
		A0476CE8257142CD005649F3 /* Release */ = {
			isa = XCBuildConfiguration;
			buildSettings = {
				CODE_SIGN_ENTITLEMENTS = VPN/VPN.entitlements;
				CODE_SIGN_STYLE = Manual;
				DEVELOPMENT_TEAM = "$(DEVELOPMENT_TEAM)";
				INFOPLIST_FILE = VPN/Info.plist;
				LD_RUNPATH_SEARCH_PATHS = (
					"$(inherited)",
					"@executable_path/Frameworks",
					"@executable_path/../../Frameworks",
				);
				PRODUCT_BUNDLE_IDENTIFIER = "$(EXT_BUNDLE_ID)";
				PRODUCT_NAME = "$(TARGET_NAME)";
				PROVISIONING_PROFILE_SPECIFIER = "$(EXT_PROVISIONING_PROFILE_SPECIFIER)";
				SKIP_INSTALL = YES;
				SWIFT_OBJC_BRIDGING_HEADER = "VPN/VPN-Bridging-Header.h";
				SWIFT_VERSION = 5.0;
				TARGETED_DEVICE_FAMILY = "1,2";
			};
			name = Release;
		};
/* End XCBuildConfiguration section */

/* Begin XCConfigurationList section */
		A006DED125713ED600213D3D /* Build configuration list for PBXProject "Obfs4 VPN" */ = {
			isa = XCConfigurationList;
			buildConfigurations = (
				A006DEE825713ED600213D3D /* Debug */,
				A006DEE925713ED600213D3D /* Release */,
			);
			defaultConfigurationIsVisible = 0;
			defaultConfigurationName = Release;
		};
		A006DEEA25713ED600213D3D /* Build configuration list for PBXNativeTarget "Obfs4 VPN" */ = {
			isa = XCConfigurationList;
			buildConfigurations = (
				A006DEEB25713ED600213D3D /* Debug */,
				A006DEEC25713ED600213D3D /* Release */,
			);
			defaultConfigurationIsVisible = 0;
			defaultConfigurationName = Release;
		};
		A0476CE6257142CD005649F3 /* Build configuration list for PBXNativeTarget "VPN" */ = {
			isa = XCConfigurationList;
			buildConfigurations = (
				A0476CE7257142CD005649F3 /* Debug */,
				A0476CE8257142CD005649F3 /* Release */,
			);
			defaultConfigurationIsVisible = 0;
			defaultConfigurationName = Release;
		};
/* End XCConfigurationList section */
	};
	rootObject = A006DECE25713ED600213D3D /* Project object */;
}
